
Microsoft Visual Studio Solution File, Format Version 12.00
# Visual Studio Version 16
VisualStudioVersion = 16.0.30011.22
MinimumVisualStudioVersion = 10.0.40219.1
Project("{FAE04EC0-301F-11D3-BF4B-00C04F79EFBC}") = "PayMe.Services", "PayMe.Services\PayMe.Services.csproj", "{8F9B47E2-60C3-48D8-B512-FDF6A9E1B72D}"
EndProject
Project("{FAE04EC0-301F-11D3-BF4B-00C04F79EFBC}") = "PayMe.Persistence", "PayMe.Persistence\PayMe.Persistence.csproj", "{6D93CF50-3557-4743-AB29-C3B1A52CF288}"
EndProject
Project("{FAE04EC0-301F-11D3-BF4B-00C04F79EFBC}") = "PayMe.Entity", "PayMe.Entity\PayMe.Entity.csproj", "{670BB497-A408-4BC1-8C8F-FECA2BC8D15C}"
EndProject
Project("{FAE04EC0-301F-11D3-BF4B-00C04F79EFBC}") = "PayMe.Webapp", "PayMe.Webapp\PayMe.Webapp.csproj", "{B4AA5D9C-D6AE-47CF-8724-83CEEF20D702}"
EndProject
Global
	GlobalSection(SolutionConfigurationPlatforms) = preSolution
		Debug|Any CPU = Debug|Any CPU
		Release|Any CPU = Release|Any CPU
	EndGlobalSection
	GlobalSection(ProjectConfigurationPlatforms) = postSolution
		{8F9B47E2-60C3-48D8-B512-FDF6A9E1B72D}.Debug|Any CPU.ActiveCfg = Debug|Any CPU
		{8F9B47E2-60C3-48D8-B512-FDF6A9E1B72D}.Debug|Any CPU.Build.0 = Debug|Any CPU
		{8F9B47E2-60C3-48D8-B512-FDF6A9E1B72D}.Release|Any CPU.ActiveCfg = Release|Any CPU
		{8F9B47E2-60C3-48D8-B512-FDF6A9E1B72D}.Release|Any CPU.Build.0 = Release|Any CPU
		{6D93CF50-3557-4743-AB29-C3B1A52CF288}.Debug|Any CPU.ActiveCfg = Debug|Any CPU
		{6D93CF50-3557-4743-AB29-C3B1A52CF288}.Debug|Any CPU.Build.0 = Debug|Any CPU
		{6D93CF50-3557-4743-AB29-C3B1A52CF288}.Release|Any CPU.ActiveCfg = Release|Any CPU
		{6D93CF50-3557-4743-AB29-C3B1A52CF288}.Release|Any CPU.Build.0 = Release|Any CPU
		{670BB497-A408-4BC1-8C8F-FECA2BC8D15C}.Debug|Any CPU.ActiveCfg = Debug|Any CPU
		{670BB497-A408-4BC1-8C8F-FECA2BC8D15C}.Debug|Any CPU.Build.0 = Debug|Any CPU
		{670BB497-A408-4BC1-8C8F-FECA2BC8D15C}.Release|Any CPU.ActiveCfg = Release|Any CPU
		{670BB497-A408-4BC1-8C8F-FECA2BC8D15C}.Release|Any CPU.Build.0 = Release|Any CPU
		{B4AA5D9C-D6AE-47CF-8724-83CEEF20D702}.Debug|Any CPU.ActiveCfg = Debug|Any CPU
		{B4AA5D9C-D6AE-47CF-8724-83CEEF20D702}.Debug|Any CPU.Build.0 = Debug|Any CPU
		{B4AA5D9C-D6AE-47CF-8724-83CEEF20D702}.Release|Any CPU.ActiveCfg = Release|Any CPU
		{B4AA5D9C-D6AE-47CF-8724-83CEEF20D702}.Release|Any CPU.Build.0 = Release|Any CPU
	EndGlobalSection
	GlobalSection(SolutionProperties) = preSolution
		HideSolutionNode = FALSE
	EndGlobalSection
	GlobalSection(ExtensibilityGlobals) = postSolution
		SolutionGuid = {C42B6B9D-78D8-46BA-8829-DEE09AE9E6FA}
	EndGlobalSection
EndGlobal
